
Microsoft Visual Studio Solution File, Format Version 12.00
# Visual Studio Version 17
VisualStudioVersion = 17.7.34024.191
MinimumVisualStudioVersion = 10.0.40219.1
Project("{FAE04EC0-301F-11D3-BF4B-00C04F79EFBC}") = "ReservaMesa", "ReservaMesa\ReservaMesa.csproj", "{6C0E7E98-4649-4BAE-8A54-9391F1DDEF11}"
EndProject
Global
	GlobalSection(SolutionConfigurationPlatforms) = preSolution
		Debug|Any CPU = Debug|Any CPU
		Release|Any CPU = Release|Any CPU
	EndGlobalSection
	GlobalSection(ProjectConfigurationPlatforms) = postSolution
		{6C0E7E98-4649-4BAE-8A54-9391F1DDEF11}.Debug|Any CPU.ActiveCfg = Debug|Any CPU
		{6C0E7E98-4649-4BAE-8A54-9391F1DDEF11}.Debug|Any CPU.Build.0 = Debug|Any CPU
		{6C0E7E98-4649-4BAE-8A54-9391F1DDEF11}.Release|Any CPU.ActiveCfg = Release|Any CPU
		{6C0E7E98-4649-4BAE-8A54-9391F1DDEF11}.Release|Any CPU.Build.0 = Release|Any CPU
	EndGlobalSection
	GlobalSection(SolutionProperties) = preSolution
		HideSolutionNode = FALSE
	EndGlobalSection
	GlobalSection(ExtensibilityGlobals) = postSolution
		SolutionGuid = {CB70BB1F-8C49-492A-B5F7-4ADAACB0A353}
	EndGlobalSection
EndGlobal
